
Microsoft Visual Studio Solution File, Format Version 12.00
# Visual Studio Version 17
VisualStudioVersion = 17.0.31903.59
MinimumVisualStudioVersion = 10.0.40219.1
Project("{FAE04EC0-301F-11D3-BF4B-00C04F79EFBC}") = "diario", "diario\diario.csproj", "{AB275A32-127E-4918-AEBF-7722BDB53B3C}"
EndProject
Project("{FAE04EC0-301F-11D3-BF4B-00C04F79EFBC}") = "diario.data", "diario.data\diario.data.csproj", "{45A637F6-6F48-4A8E-8EBE-415B44F0ED8E}"
EndProject
Global
	GlobalSection(SolutionConfigurationPlatforms) = preSolution
		Debug|Any CPU = Debug|Any CPU
		Debug|x64 = Debug|x64
		Debug|x86 = Debug|x86
		Release|Any CPU = Release|Any CPU
		Release|x64 = Release|x64
		Release|x86 = Release|x86
	EndGlobalSection
	GlobalSection(ProjectConfigurationPlatforms) = postSolution
		{AB275A32-127E-4918-AEBF-7722BDB53B3C}.Debug|Any CPU.ActiveCfg = Debug|Any CPU
		{AB275A32-127E-4918-AEBF-7722BDB53B3C}.Debug|Any CPU.Build.0 = Debug|Any CPU
		{AB275A32-127E-4918-AEBF-7722BDB53B3C}.Debug|x64.ActiveCfg = Debug|Any CPU
		{AB275A32-127E-4918-AEBF-7722BDB53B3C}.Debug|x64.Build.0 = Debug|Any CPU
		{AB275A32-127E-4918-AEBF-7722BDB53B3C}.Debug|x86.ActiveCfg = Debug|Any CPU
		{AB275A32-127E-4918-AEBF-7722BDB53B3C}.Debug|x86.Build.0 = Debug|Any CPU
		{AB275A32-127E-4918-AEBF-7722BDB53B3C}.Release|Any CPU.ActiveCfg = Release|Any CPU
		{AB275A32-127E-4918-AEBF-7722BDB53B3C}.Release|Any CPU.Build.0 = Release|Any CPU
		{AB275A32-127E-4918-AEBF-7722BDB53B3C}.Release|x64.ActiveCfg = Release|Any CPU
		{AB275A32-127E-4918-AEBF-7722BDB53B3C}.Release|x64.Build.0 = Release|Any CPU
		{AB275A32-127E-4918-AEBF-7722BDB53B3C}.Release|x86.ActiveCfg = Release|Any CPU
		{AB275A32-127E-4918-AEBF-7722BDB53B3C}.Release|x86.Build.0 = Release|Any CPU
		{45A637F6-6F48-4A8E-8EBE-415B44F0ED8E}.Debug|Any CPU.ActiveCfg = Debug|Any CPU
		{45A637F6-6F48-4A8E-8EBE-415B44F0ED8E}.Debug|Any CPU.Build.0 = Debug|Any CPU
		{45A637F6-6F48-4A8E-8EBE-415B44F0ED8E}.Debug|x64.ActiveCfg = Debug|Any CPU
		{45A637F6-6F48-4A8E-8EBE-415B44F0ED8E}.Debug|x64.Build.0 = Debug|Any CPU
		{45A637F6-6F48-4A8E-8EBE-415B44F0ED8E}.Debug|x86.ActiveCfg = Debug|Any CPU
		{45A637F6-6F48-4A8E-8EBE-415B44F0ED8E}.Debug|x86.Build.0 = Debug|Any CPU
		{45A637F6-6F48-4A8E-8EBE-415B44F0ED8E}.Release|Any CPU.ActiveCfg = Release|Any CPU
		{45A637F6-6F48-4A8E-8EBE-415B44F0ED8E}.Release|Any CPU.Build.0 = Release|Any CPU
		{45A637F6-6F48-4A8E-8EBE-415B44F0ED8E}.Release|x64.ActiveCfg = Release|Any CPU
		{45A637F6-6F48-4A8E-8EBE-415B44F0ED8E}.Release|x64.Build.0 = Release|Any CPU
		{45A637F6-6F48-4A8E-8EBE-415B44F0ED8E}.Release|x86.ActiveCfg = Release|Any CPU
		{45A637F6-6F48-4A8E-8EBE-415B44F0ED8E}.Release|x86.Build.0 = Release|Any CPU
	EndGlobalSection
	GlobalSection(SolutionProperties) = preSolution
		HideSolutionNode = FALSE
	EndGlobalSection
EndGlobal
